
Microsoft Visual Studio Solution File, Format Version 12.00
# Visual Studio Version 17
VisualStudioVersion = 17.13.35931.197 d17.13
MinimumVisualStudioVersion = 10.0.40219.1
Project("{FAE04EC0-301F-11D3-BF4B-00C04F79EFBC}") = "SNWEB", "SNWEB.csproj", "{FA21669F-8FB1-4EB5-AAD9-173E03F7D2F3}"
EndProject
Project("{FAE04EC0-301F-11D3-BF4B-00C04F79EFBC}") = "SNBLAZOR", "..\SNBLAZOR\SNBLAZOR.csproj", "{60CCB70C-5F44-4B41-98BA-E5273E163D2C}"
EndProject
Global
	GlobalSection(SolutionConfigurationPlatforms) = preSolution
		Debug|Any CPU = Debug|Any CPU
		Release|Any CPU = Release|Any CPU
	EndGlobalSection
	GlobalSection(ProjectConfigurationPlatforms) = postSolution
		{FA21669F-8FB1-4EB5-AAD9-173E03F7D2F3}.Debug|Any CPU.ActiveCfg = Debug|Any CPU
		{FA21669F-8FB1-4EB5-AAD9-173E03F7D2F3}.Debug|Any CPU.Build.0 = Debug|Any CPU
		{FA21669F-8FB1-4EB5-AAD9-173E03F7D2F3}.Release|Any CPU.ActiveCfg = Release|Any CPU
		{FA21669F-8FB1-4EB5-AAD9-173E03F7D2F3}.Release|Any CPU.Build.0 = Release|Any CPU
		{60CCB70C-5F44-4B41-98BA-E5273E163D2C}.Debug|Any CPU.ActiveCfg = Debug|Any CPU
		{60CCB70C-5F44-4B41-98BA-E5273E163D2C}.Debug|Any CPU.Build.0 = Debug|Any CPU
		{60CCB70C-5F44-4B41-98BA-E5273E163D2C}.Release|Any CPU.ActiveCfg = Release|Any CPU
		{60CCB70C-5F44-4B41-98BA-E5273E163D2C}.Release|Any CPU.Build.0 = Release|Any CPU
	EndGlobalSection
	GlobalSection(SolutionProperties) = preSolution
		HideSolutionNode = FALSE
	EndGlobalSection
	GlobalSection(ExtensibilityGlobals) = postSolution
		SolutionGuid = {251B1E40-83EB-466F-89C1-6B406C98AE46}
	EndGlobalSection
EndGlobal
